// !$*UTF8*$!
{
	archiveVersion = 1;
	classes = {
	};
	objectVersion = 50;
	objects = {

/* Begin PBXBuildFile section */
		3E09412E2490DA8F00C020F3 /* People.swift in Sources */ = {isa = PBXBuildFile; fileRef = 3E09412D2490DA8F00C020F3 /* People.swift */; };
		3E9D9FF424A0B1F000C16FBD /* LKEventDatePickeView.swift in Sources */ = {isa = PBXBuildFile; fileRef = 3E9D9FF324A0B1F000C16FBD /* LKEventDatePickeView.swift */; };
		3EBE9DCC248BE129006CF402 /* AppDelegate.m in Sources */ = {isa = PBXBuildFile; fileRef = 3EBE9DCB248BE129006CF402 /* AppDelegate.m */; };
		3EBE9DCF248BE129006CF402 /* SceneDelegate.m in Sources */ = {isa = PBXBuildFile; fileRef = 3EBE9DCE248BE129006CF402 /* SceneDelegate.m */; };
		3EBE9DD2248BE129006CF402 /* ViewController.m in Sources */ = {isa = PBXBuildFile; fileRef = 3EBE9DD1248BE129006CF402 /* ViewController.m */; };
		3EBE9DD5248BE129006CF402 /* Main.storyboard in Resources */ = {isa = PBXBuildFile; fileRef = 3EBE9DD3248BE129006CF402 /* Main.storyboard */; };
		3EBE9DD7248BE12D006CF402 /* Assets.xcassets in Resources */ = {isa = PBXBuildFile; fileRef = 3EBE9DD6248BE12D006CF402 /* Assets.xcassets */; };
		3EBE9DDA248BE12D006CF402 /* LaunchScreen.storyboard in Resources */ = {isa = PBXBuildFile; fileRef = 3EBE9DD8248BE12D006CF402 /* LaunchScreen.storyboard */; };
		3EBE9DDD248BE12D006CF402 /* main.m in Sources */ = {isa = PBXBuildFile; fileRef = 3EBE9DDC248BE12D006CF402 /* main.m */; };
		3EBE9DE7248BE12D006CF402 /* TestTests.m in Sources */ = {isa = PBXBuildFile; fileRef = 3EBE9DE6248BE12D006CF402 /* TestTests.m */; };
		3EBE9DF2248BE12D006CF402 /* TestUITests.m in Sources */ = {isa = PBXBuildFile; fileRef = 3EBE9DF1248BE12D006CF402 /* TestUITests.m */; };
		3EBE9E01248BE5A0006CF402 /* CustomViewController.m in Sources */ = {isa = PBXBuildFile; fileRef = 3EBE9E00248BE5A0006CF402 /* CustomViewController.m */; };
		A7C8B1D59CD43C3C083E4787 /* Pods_Test.framework in Frameworks */ = {isa = PBXBuildFile; fileRef = 7C0CD95482574AF9395A9A01 /* Pods_Test.framework */; };
/* End PBXBuildFile section */

/* Begin PBXContainerItemProxy section */
		3EBE9DE3248BE12D006CF402 /* PBXContainerItemProxy */ = {
			isa = PBXContainerItemProxy;
			containerPortal = 3EBE9DBF248BE129006CF402 /* Project object */;
			proxyType = 1;
			remoteGlobalIDString = 3EBE9DC6248BE129006CF402;
			remoteInfo = Test;
		};
		3EBE9DEE248BE12D006CF402 /* PBXContainerItemProxy */ = {
			isa = PBXContainerItemProxy;
			containerPortal = 3EBE9DBF248BE129006CF402 /* Project object */;
			proxyType = 1;
			remoteGlobalIDString = 3EBE9DC6248BE129006CF402;
			remoteInfo = Test;
		};
/* End PBXContainerItemProxy section */

/* Begin PBXFileReference section */
		2ECA799DAB96DEB6C5CBF368 /* Pods-Test.debug.xcconfig */ = {isa = PBXFileReference; includeInIndex = 1; lastKnownFileType = text.xcconfig; name = "Pods-Test.debug.xcconfig"; path = "Target Support Files/Pods-Test/Pods-Test.debug.xcconfig"; sourceTree = "<group>"; };
		3E09412C2490DA8F00C020F3 /* Test-Bridging-Header.h */ = {isa = PBXFileReference; lastKnownFileType = sourcecode.c.h; path = "Test-Bridging-Header.h"; sourceTree = "<group>"; };
		3E09412D2490DA8F00C020F3 /* People.swift */ = {isa = PBXFileReference; lastKnownFileType = sourcecode.swift; path = People.swift; sourceTree = "<group>"; };
		3E9D9FF324A0B1F000C16FBD /* LKEventDatePickeView.swift */ = {isa = PBXFileReference; lastKnownFileType = sourcecode.swift; path = LKEventDatePickeView.swift; sourceTree = "<group>"; };
		3EBE9DC7248BE129006CF402 /* Test.app */ = {isa = PBXFileReference; explicitFileType = wrapper.application; includeInIndex = 0; path = Test.app; sourceTree = BUILT_PRODUCTS_DIR; };
		3EBE9DCA248BE129006CF402 /* AppDelegate.h */ = {isa = PBXFileReference; lastKnownFileType = sourcecode.c.h; path = AppDelegate.h; sourceTree = "<group>"; };
		3EBE9DCB248BE129006CF402 /* AppDelegate.m */ = {isa = PBXFileReference; lastKnownFileType = sourcecode.c.objc; path = AppDelegate.m; sourceTree = "<group>"; };
		3EBE9DCD248BE129006CF402 /* SceneDelegate.h */ = {isa = PBXFileReference; lastKnownFileType = sourcecode.c.h; path = SceneDelegate.h; sourceTree = "<group>"; };
		3EBE9DCE248BE129006CF402 /* SceneDelegate.m */ = {isa = PBXFileReference; lastKnownFileType = sourcecode.c.objc; path = SceneDelegate.m; sourceTree = "<group>"; };
		3EBE9DD0248BE129006CF402 /* ViewController.h */ = {isa = PBXFileReference; lastKnownFileType = sourcecode.c.h; path = ViewController.h; sourceTree = "<group>"; };
		3EBE9DD1248BE129006CF402 /* ViewController.m */ = {isa = PBXFileReference; lastKnownFileType = sourcecode.c.objc; path = ViewController.m; sourceTree = "<group>"; };
		3EBE9DD4248BE129006CF402 /* Base */ = {isa = PBXFileReference; lastKnownFileType = file.storyboard; name = Base; path = Base.lproj/Main.storyboard; sourceTree = "<group>"; };
		3EBE9DD6248BE12D006CF402 /* Assets.xcassets */ = {isa = PBXFileReference; lastKnownFileType = folder.assetcatalog; path = Assets.xcassets; sourceTree = "<group>"; };
		3EBE9DD9248BE12D006CF402 /* Base */ = {isa = PBXFileReference; lastKnownFileType = file.storyboard; name = Base; path = Base.lproj/LaunchScreen.storyboard; sourceTree = "<group>"; };
		3EBE9DDB248BE12D006CF402 /* Info.plist */ = {isa = PBXFileReference; lastKnownFileType = text.plist.xml; path = Info.plist; sourceTree = "<group>"; };
		3EBE9DDC248BE12D006CF402 /* main.m */ = {isa = PBXFileReference; lastKnownFileType = sourcecode.c.objc; path = main.m; sourceTree = "<group>"; };
		3EBE9DE2248BE12D006CF402 /* TestTests.xctest */ = {isa = PBXFileReference; explicitFileType = wrapper.cfbundle; includeInIndex = 0; path = TestTests.xctest; sourceTree = BUILT_PRODUCTS_DIR; };
		3EBE9DE6248BE12D006CF402 /* TestTests.m */ = {isa = PBXFileReference; lastKnownFileType = sourcecode.c.objc; path = TestTests.m; sourceTree = "<group>"; };
		3EBE9DE8248BE12D006CF402 /* Info.plist */ = {isa = PBXFileReference; lastKnownFileType = text.plist.xml; path = Info.plist; sourceTree = "<group>"; };
		3EBE9DED248BE12D006CF402 /* TestUITests.xctest */ = {isa = PBXFileReference; explicitFileType = wrapper.cfbundle; includeInIndex = 0; path = TestUITests.xctest; sourceTree = BUILT_PRODUCTS_DIR; };
		3EBE9DF1248BE12D006CF402 /* TestUITests.m */ = {isa = PBXFileReference; lastKnownFileType = sourcecode.c.objc; path = TestUITests.m; sourceTree = "<group>"; };
		3EBE9DF3248BE12D006CF402 /* Info.plist */ = {isa = PBXFileReference; lastKnownFileType = text.plist.xml; path = Info.plist; sourceTree = "<group>"; };
		3EBE9DFF248BE5A0006CF402 /* CustomViewController.h */ = {isa = PBXFileReference; lastKnownFileType = sourcecode.c.h; path = CustomViewController.h; sourceTree = "<group>"; };
		3EBE9E00248BE5A0006CF402 /* CustomViewController.m */ = {isa = PBXFileReference; lastKnownFileType = sourcecode.c.objc; path = CustomViewController.m; sourceTree = "<group>"; };
		7C0CD95482574AF9395A9A01 /* Pods_Test.framework */ = {isa = PBXFileReference; explicitFileType = wrapper.framework; includeInIndex = 0; path = Pods_Test.framework; sourceTree = BUILT_PRODUCTS_DIR; };
		D2B980CA9B151AD249A0F0C9 /* Pods-Test.release.xcconfig */ = {isa = PBXFileReference; includeInIndex = 1; lastKnownFileType = text.xcconfig; name = "Pods-Test.release.xcconfig"; path = "Target Support Files/Pods-Test/Pods-Test.release.xcconfig"; sourceTree = "<group>"; };
/* End PBXFileReference section */

/* Begin PBXFrameworksBuildPhase section */
		3EBE9DC4248BE129006CF402 /* Frameworks */ = {
			isa = PBXFrameworksBuildPhase;
			buildActionMask = 2147483647;
			files = (
				A7C8B1D59CD43C3C083E4787 /* Pods_Test.framework in Frameworks */,
			);
			runOnlyForDeploymentPostprocessing = 0;
		};
		3EBE9DDF248BE12D006CF402 /* Frameworks */ = {
			isa = PBXFrameworksBuildPhase;
			buildActionMask = 2147483647;
			files = (
			);
			runOnlyForDeploymentPostprocessing = 0;
		};
		3EBE9DEA248BE12D006CF402 /* Frameworks */ = {
			isa = PBXFrameworksBuildPhase;
			buildActionMask = 2147483647;
			files = (
			);
			runOnlyForDeploymentPostprocessing = 0;
		};
/* End PBXFrameworksBuildPhase section */

/* Begin PBXGroup section */
		3EBE9DBE248BE129006CF402 = {
			isa = PBXGroup;
			children = (
				3EBE9DC9248BE129006CF402 /* Test */,
				3EBE9DE5248BE12D006CF402 /* TestTests */,
				3EBE9DF0248BE12D006CF402 /* TestUITests */,
				3EBE9DC8248BE129006CF402 /* Products */,
				9EC2F44D2B9584E2F602A395 /* Pods */,
				549D34C75A431D76205B1AE7 /* Frameworks */,
			);
			sourceTree = "<group>";
		};
		3EBE9DC8248BE129006CF402 /* Products */ = {
			isa = PBXGroup;
			children = (
				3EBE9DC7248BE129006CF402 /* Test.app */,
				3EBE9DE2248BE12D006CF402 /* TestTests.xctest */,
				3EBE9DED248BE12D006CF402 /* TestUITests.xctest */,
			);
			name = Products;
			sourceTree = "<group>";
		};
		3EBE9DC9248BE129006CF402 /* Test */ = {
			isa = PBXGroup;
			children = (
				3EBE9DCA248BE129006CF402 /* AppDelegate.h */,
				3EBE9DCB248BE129006CF402 /* AppDelegate.m */,
				3EBE9DCD248BE129006CF402 /* SceneDelegate.h */,
				3EBE9DCE248BE129006CF402 /* SceneDelegate.m */,
				3EBE9DD0248BE129006CF402 /* ViewController.h */,
				3EBE9DD1248BE129006CF402 /* ViewController.m */,
				3EBE9DD3248BE129006CF402 /* Main.storyboard */,
				3EBE9DD6248BE12D006CF402 /* Assets.xcassets */,
				3EBE9DD8248BE12D006CF402 /* LaunchScreen.storyboard */,
				3EBE9DDB248BE12D006CF402 /* Info.plist */,
				3EBE9DDC248BE12D006CF402 /* main.m */,
				3EBE9DFF248BE5A0006CF402 /* CustomViewController.h */,
				3EBE9E00248BE5A0006CF402 /* CustomViewController.m */,
				3E09412D2490DA8F00C020F3 /* People.swift */,
				3E09412C2490DA8F00C020F3 /* Test-Bridging-Header.h */,
				3E9D9FF324A0B1F000C16FBD /* LKEventDatePickeView.swift */,
			);
			path = Test;
			sourceTree = "<group>";
		};
		3EBE9DE5248BE12D006CF402 /* TestTests */ = {
			isa = PBXGroup;
			children = (
				3EBE9DE6248BE12D006CF402 /* TestTests.m */,
				3EBE9DE8248BE12D006CF402 /* Info.plist */,
			);
			path = TestTests;
			sourceTree = "<group>";
		};
		3EBE9DF0248BE12D006CF402 /* TestUITests */ = {
			isa = PBXGroup;
			children = (
				3EBE9DF1248BE12D006CF402 /* TestUITests.m */,
				3EBE9DF3248BE12D006CF402 /* Info.plist */,
			);
			path = TestUITests;
			sourceTree = "<group>";
		};
		549D34C75A431D76205B1AE7 /* Frameworks */ = {
			isa = PBXGroup;
			children = (
				7C0CD95482574AF9395A9A01 /* Pods_Test.framework */,
			);
			name = Frameworks;
			sourceTree = "<group>";
		};
		9EC2F44D2B9584E2F602A395 /* Pods */ = {
			isa = PBXGroup;
			children = (
				2ECA799DAB96DEB6C5CBF368 /* Pods-Test.debug.xcconfig */,
				D2B980CA9B151AD249A0F0C9 /* Pods-Test.release.xcconfig */,
			);
			name = Pods;
			path = Pods;
			sourceTree = "<group>";
		};
/* End PBXGroup section */

/* Begin PBXNativeTarget section */
		3EBE9DC6248BE129006CF402 /* Test */ = {
			isa = PBXNativeTarget;
			buildConfigurationList = 3EBE9DF6248BE12D006CF402 /* Build configuration list for PBXNativeTarget "Test" */;
			buildPhases = (
				BC0BB5E68E8121A4B85A20FF /* [CP] Check Pods Manifest.lock */,
				3EBE9DC3248BE129006CF402 /* Sources */,
				3EBE9DC4248BE129006CF402 /* Frameworks */,
				3EBE9DC5248BE129006CF402 /* Resources */,
				A51580BE251FC23E7161C435 /* [CP] Embed Pods Frameworks */,
			);
			buildRules = (
			);
			dependencies = (
			);
			name = Test;
			productName = Test;
			productReference = 3EBE9DC7248BE129006CF402 /* Test.app */;
			productType = "com.apple.product-type.application";
		};
		3EBE9DE1248BE12D006CF402 /* TestTests */ = {
			isa = PBXNativeTarget;
			buildConfigurationList = 3EBE9DF9248BE12D006CF402 /* Build configuration list for PBXNativeTarget "TestTests" */;
			buildPhases = (
				3EBE9DDE248BE12D006CF402 /* Sources */,
				3EBE9DDF248BE12D006CF402 /* Frameworks */,
				3EBE9DE0248BE12D006CF402 /* Resources */,
			);
			buildRules = (
			);
			dependencies = (
				3EBE9DE4248BE12D006CF402 /* PBXTargetDependency */,
			);
			name = TestTests;
			productName = TestTests;
			productReference = 3EBE9DE2248BE12D006CF402 /* TestTests.xctest */;
			productType = "com.apple.product-type.bundle.unit-test";
		};
		3EBE9DEC248BE12D006CF402 /* TestUITests */ = {
			isa = PBXNativeTarget;
			buildConfigurationList = 3EBE9DFC248BE12D006CF402 /* Build configuration list for PBXNativeTarget "TestUITests" */;
			buildPhases = (
				3EBE9DE9248BE12D006CF402 /* Sources */,
				3EBE9DEA248BE12D006CF402 /* Frameworks */,
				3EBE9DEB248BE12D006CF402 /* Resources */,
			);
			buildRules = (
			);
			dependencies = (
				3EBE9DEF248BE12D006CF402 /* PBXTargetDependency */,
			);
			name = TestUITests;
			productName = TestUITests;
			productReference = 3EBE9DED248BE12D006CF402 /* TestUITests.xctest */;
			productType = "com.apple.product-type.bundle.ui-testing";
		};
/* End PBXNativeTarget section */

/* Begin PBXProject section */
		3EBE9DBF248BE129006CF402 /* Project object */ = {
			isa = PBXProject;
			attributes = {
				LastUpgradeCheck = 1150;
				ORGANIZATIONNAME = Gao;
				TargetAttributes = {
					3EBE9DC6248BE129006CF402 = {
						CreatedOnToolsVersion = 11.5;
						LastSwiftMigration = 1150;
					};
					3EBE9DE1248BE12D006CF402 = {
						CreatedOnToolsVersion = 11.5;
						TestTargetID = 3EBE9DC6248BE129006CF402;
					};
					3EBE9DEC248BE12D006CF402 = {
						CreatedOnToolsVersion = 11.5;
						TestTargetID = 3EBE9DC6248BE129006CF402;
					};
				};
			};
			buildConfigurationList = 3EBE9DC2248BE129006CF402 /* Build configuration list for PBXProject "Test" */;
			compatibilityVersion = "Xcode 9.3";
			developmentRegion = en;
			hasScannedForEncodings = 0;
			knownRegions = (
				en,
				Base,
			);
			mainGroup = 3EBE9DBE248BE129006CF402;
			productRefGroup = 3EBE9DC8248BE129006CF402 /* Products */;
			projectDirPath = "";
			projectRoot = "";
			targets = (
				3EBE9DC6248BE129006CF402 /* Test */,
				3EBE9DE1248BE12D006CF402 /* TestTests */,
				3EBE9DEC248BE12D006CF402 /* TestUITests */,
			);
		};
/* End PBXProject section */

/* Begin PBXResourcesBuildPhase section */
		3EBE9DC5248BE129006CF402 /* Resources */ = {
			isa = PBXResourcesBuildPhase;
			buildActionMask = 2147483647;
			files = (
				3EBE9DDA248BE12D006CF402 /* LaunchScreen.storyboard in Resources */,
				3EBE9DD7248BE12D006CF402 /* Assets.xcassets in Resources */,
				3EBE9DD5248BE129006CF402 /* Main.storyboard in Resources */,
			);
			runOnlyForDeploymentPostprocessing = 0;
		};
		3EBE9DE0248BE12D006CF402 /* Resources */ = {
			isa = PBXResourcesBuildPhase;
			buildActionMask = 2147483647;
			files = (
			);
			runOnlyForDeploymentPostprocessing = 0;
		};
		3EBE9DEB248BE12D006CF402 /* Resources */ = {
			isa = PBXResourcesBuildPhase;
			buildActionMask = 2147483647;
			files = (
			);
			runOnlyForDeploymentPostprocessing = 0;
		};
/* End PBXResourcesBuildPhase section */

/* Begin PBXShellScriptBuildPhase section */
		A51580BE251FC23E7161C435 /* [CP] Embed Pods Frameworks */ = {
			isa = PBXShellScriptBuildPhase;
			buildActionMask = 2147483647;
			files = (
			);
			inputFileListPaths = (
				"${PODS_ROOT}/Target Support Files/Pods-Test/Pods-Test-frameworks-${CONFIGURATION}-input-files.xcfilelist",
			);
			name = "[CP] Embed Pods Frameworks";
			outputFileListPaths = (
				"${PODS_ROOT}/Target Support Files/Pods-Test/Pods-Test-frameworks-${CONFIGURATION}-output-files.xcfilelist",
			);
			runOnlyForDeploymentPostprocessing = 0;
			shellPath = /bin/sh;
			shellScript = "\"${PODS_ROOT}/Target Support Files/Pods-Test/Pods-Test-frameworks.sh\"\n";
			showEnvVarsInLog = 0;
		};
		BC0BB5E68E8121A4B85A20FF /* [CP] Check Pods Manifest.lock */ = {
			isa = PBXShellScriptBuildPhase;
			buildActionMask = 2147483647;
			files = (
			);
			inputFileListPaths = (
			);
			inputPaths = (
				"${PODS_PODFILE_DIR_PATH}/Podfile.lock",
				"${PODS_ROOT}/Manifest.lock",
			);
			name = "[CP] Check Pods Manifest.lock";
			outputFileListPaths = (
			);
			outputPaths = (
				"$(DERIVED_FILE_DIR)/Pods-Test-checkManifestLockResult.txt",
			);
			runOnlyForDeploymentPostprocessing = 0;
			shellPath = /bin/sh;
			shellScript = "diff \"${PODS_PODFILE_DIR_PATH}/Podfile.lock\" \"${PODS_ROOT}/Manifest.lock\" > /dev/null\nif [ $? != 0 ] ; then\n    # print error to STDERR\n    echo \"error: The sandbox is not in sync with the Podfile.lock. Run 'pod install' or update your CocoaPods installation.\" >&2\n    exit 1\nfi\n# This output is used by Xcode 'outputs' to avoid re-running this script phase.\necho \"SUCCESS\" > \"${SCRIPT_OUTPUT_FILE_0}\"\n";
			showEnvVarsInLog = 0;
		};
/* End PBXShellScriptBuildPhase section */

/* Begin PBXSourcesBuildPhase section */
		3EBE9DC3248BE129006CF402 /* Sources */ = {
			isa = PBXSourcesBuildPhase;
			buildActionMask = 2147483647;
			files = (
				3EBE9DD2248BE129006CF402 /* ViewController.m in Sources */,
				3EBE9E01248BE5A0006CF402 /* CustomViewController.m in Sources */,
				3EBE9DCC248BE129006CF402 /* AppDelegate.m in Sources */,
				3EBE9DDD248BE12D006CF402 /* main.m in Sources */,
				3E9D9FF424A0B1F000C16FBD /* LKEventDatePickeView.swift in Sources */,
				3EBE9DCF248BE129006CF402 /* SceneDelegate.m in Sources */,
				3E09412E2490DA8F00C020F3 /* People.swift in Sources */,
			);
			runOnlyForDeploymentPostprocessing = 0;
		};
		3EBE9DDE248BE12D006CF402 /* Sources */ = {
			isa = PBXSourcesBuildPhase;
			buildActionMask = 2147483647;
			files = (
				3EBE9DE7248BE12D006CF402 /* TestTests.m in Sources */,
			);
			runOnlyForDeploymentPostprocessing = 0;
		};
		3EBE9DE9248BE12D006CF402 /* Sources */ = {
			isa = PBXSourcesBuildPhase;
			buildActionMask = 2147483647;
			files = (
				3EBE9DF2248BE12D006CF402 /* TestUITests.m in Sources */,
			);
			runOnlyForDeploymentPostprocessing = 0;
		};
/* End PBXSourcesBuildPhase section */

/* Begin PBXTargetDependency section */
		3EBE9DE4248BE12D006CF402 /* PBXTargetDependency */ = {
			isa = PBXTargetDependency;
			target = 3EBE9DC6248BE129006CF402 /* Test */;
			targetProxy = 3EBE9DE3248BE12D006CF402 /* PBXContainerItemProxy */;
		};
		3EBE9DEF248BE12D006CF402 /* PBXTargetDependency */ = {
			isa = PBXTargetDependency;
			target = 3EBE9DC6248BE129006CF402 /* Test */;
			targetProxy = 3EBE9DEE248BE12D006CF402 /* PBXContainerItemProxy */;
		};
/* End PBXTargetDependency section */

/* Begin PBXVariantGroup section */
		3EBE9DD3248BE129006CF402 /* Main.storyboard */ = {
			isa = PBXVariantGroup;
			children = (
				3EBE9DD4248BE129006CF402 /* Base */,
			);
			name = Main.storyboard;
			sourceTree = "<group>";
		};
		3EBE9DD8248BE12D006CF402 /* LaunchScreen.storyboard */ = {
			isa = PBXVariantGroup;
			children = (
				3EBE9DD9248BE12D006CF402 /* Base */,
			);
			name = LaunchScreen.storyboard;
			sourceTree = "<group>";
		};
/* End PBXVariantGroup section */

/* Begin XCBuildConfiguration section */
		3EBE9DF4248BE12D006CF402 /* Debug */ = {
			isa = XCBuildConfiguration;
			buildSettings = {
				ALWAYS_SEARCH_USER_PATHS = NO;
				CLANG_ANALYZER_NONNULL = YES;
				CLANG_ANALYZER_NUMBER_OBJECT_CONVERSION = YES_AGGRESSIVE;
				CLANG_CXX_LANGUAGE_STANDARD = "gnu++14";
				CLANG_CXX_LIBRARY = "libc++";
				CLANG_ENABLE_MODULES = YES;
				CLANG_ENABLE_OBJC_ARC = YES;
				CLANG_ENABLE_OBJC_WEAK = YES;
				CLANG_WARN_BLOCK_CAPTURE_AUTORELEASING = YES;
				CLANG_WARN_BOOL_CONVERSION = YES;
				CLANG_WARN_COMMA = YES;
				CLANG_WARN_CONSTANT_CONVERSION = YES;
				CLANG_WARN_DEPRECATED_OBJC_IMPLEMENTATIONS = YES;
				CLANG_WARN_DIRECT_OBJC_ISA_USAGE = YES_ERROR;
				CLANG_WARN_DOCUMENTATION_COMMENTS = YES;
				CLANG_WARN_EMPTY_BODY = YES;
				CLANG_WARN_ENUM_CONVERSION = YES;
				CLANG_WARN_INFINITE_RECURSION = YES;
				CLANG_WARN_INT_CONVERSION = YES;
				CLANG_WARN_NON_LITERAL_NULL_CONVERSION = YES;
				CLANG_WARN_OBJC_IMPLICIT_RETAIN_SELF = YES;
				CLANG_WARN_OBJC_LITERAL_CONVERSION = YES;
				CLANG_WARN_OBJC_ROOT_CLASS = YES_ERROR;
				CLANG_WARN_RANGE_LOOP_ANALYSIS = YES;
				CLANG_WARN_STRICT_PROTOTYPES = YES;
				CLANG_WARN_SUSPICIOUS_MOVE = YES;
				CLANG_WARN_UNGUARDED_AVAILABILITY = YES_AGGRESSIVE;
				CLANG_WARN_UNREACHABLE_CODE = YES;
				CLANG_WARN__DUPLICATE_METHOD_MATCH = YES;
				COPY_PHASE_STRIP = NO;
				DEBUG_INFORMATION_FORMAT = dwarf;
				ENABLE_STRICT_OBJC_MSGSEND = YES;
				ENABLE_TESTABILITY = YES;
				GCC_C_LANGUAGE_STANDARD = gnu11;
				GCC_DYNAMIC_NO_PIC = NO;
				GCC_NO_COMMON_BLOCKS = YES;
				GCC_OPTIMIZATION_LEVEL = 0;
				GCC_PREPROCESSOR_DEFINITIONS = (
					"DEBUG=1",
					"$(inherited)",
				);
				GCC_WARN_64_TO_32_BIT_CONVERSION = YES;
				GCC_WARN_ABOUT_RETURN_TYPE = YES_ERROR;
				GCC_WARN_UNDECLARED_SELECTOR = YES;
				GCC_WARN_UNINITIALIZED_AUTOS = YES_AGGRESSIVE;
				GCC_WARN_UNUSED_FUNCTION = YES;
				GCC_WARN_UNUSED_VARIABLE = YES;
				IPHONEOS_DEPLOYMENT_TARGET = 13.5;
				MTL_ENABLE_DEBUG_INFO = INCLUDE_SOURCE;
				MTL_FAST_MATH = YES;
				ONLY_ACTIVE_ARCH = YES;
				SDKROOT = iphoneos;
			};
			name = Debug;
		};
		3EBE9DF5248BE12D006CF402 /* Release */ = {
			isa = XCBuildConfiguration;
			buildSettings = {
				ALWAYS_SEARCH_USER_PATHS = NO;
				CLANG_ANALYZER_NONNULL = YES;
				CLANG_ANALYZER_NUMBER_OBJECT_CONVERSION = YES_AGGRESSIVE;
				CLANG_CXX_LANGUAGE_STANDARD = "gnu++14";
				CLANG_CXX_LIBRARY = "libc++";
				CLANG_ENABLE_MODULES = YES;
				CLANG_ENABLE_OBJC_ARC = YES;
				CLANG_ENABLE_OBJC_WEAK = YES;
				CLANG_WARN_BLOCK_CAPTURE_AUTORELEASING = YES;
				CLANG_WARN_BOOL_CONVERSION = YES;
				CLANG_WARN_COMMA = YES;
				CLANG_WARN_CONSTANT_CONVERSION = YES;
				CLANG_WARN_DEPRECATED_OBJC_IMPLEMENTATIONS = YES;
				CLANG_WARN_DIRECT_OBJC_ISA_USAGE = YES_ERROR;
				CLANG_WARN_DOCUMENTATION_COMMENTS = YES;
				CLANG_WARN_EMPTY_BODY = YES;
				CLANG_WARN_ENUM_CONVERSION = YES;
				CLANG_WARN_INFINITE_RECURSION = YES;
				CLANG_WARN_INT_CONVERSION = YES;
				CLANG_WARN_NON_LITERAL_NULL_CONVERSION = YES;
				CLANG_WARN_OBJC_IMPLICIT_RETAIN_SELF = YES;
				CLANG_WARN_OBJC_LITERAL_CONVERSION = YES;
				CLANG_WARN_OBJC_ROOT_CLASS = YES_ERROR;
				CLANG_WARN_RANGE_LOOP_ANALYSIS = YES;
				CLANG_WARN_STRICT_PROTOTYPES = YES;
				CLANG_WARN_SUSPICIOUS_MOVE = YES;
				CLANG_WARN_UNGUARDED_AVAILABILITY = YES_AGGRESSIVE;
				CLANG_WARN_UNREACHABLE_CODE = YES;
				CLANG_WARN__DUPLICATE_METHOD_MATCH = YES;
				COPY_PHASE_STRIP = NO;
				DEBUG_INFORMATION_FORMAT = "dwarf-with-dsym";
				ENABLE_NS_ASSERTIONS = NO;
				ENABLE_STRICT_OBJC_MSGSEND = YES;
				GCC_C_LANGUAGE_STANDARD = gnu11;
				GCC_NO_COMMON_BLOCKS = YES;
				GCC_WARN_64_TO_32_BIT_CONVERSION = YES;
				GCC_WARN_ABOUT_RETURN_TYPE = YES_ERROR;
				GCC_WARN_UNDECLARED_SELECTOR = YES;
				GCC_WARN_UNINITIALIZED_AUTOS = YES_AGGRESSIVE;
				GCC_WARN_UNUSED_FUNCTION = YES;
				GCC_WARN_UNUSED_VARIABLE = YES;
				IPHONEOS_DEPLOYMENT_TARGET = 13.5;
				MTL_ENABLE_DEBUG_INFO = NO;
				MTL_FAST_MATH = YES;
				SDKROOT = iphoneos;
				VALIDATE_PRODUCT = YES;
			};
			name = Release;
		};
		3EBE9DF7248BE12D006CF402 /* Debug */ = {
			isa = XCBuildConfiguration;
			baseConfigurationReference = 2ECA799DAB96DEB6C5CBF368 /* Pods-Test.debug.xcconfig */;
			buildSettings = {
				ASSETCATALOG_COMPILER_APPICON_NAME = AppIcon;
				CLANG_ENABLE_MODULES = YES;
				CODE_SIGN_STYLE = Automatic;
				DEVELOPMENT_TEAM = UA87457RN3;
				INFOPLIST_FILE = Test/Info.plist;
				LD_RUNPATH_SEARCH_PATHS = (
					"$(inherited)",
					"@executable_path/Frameworks",
				);
				PRODUCT_BUNDLE_IDENTIFIER = Gao.Test;
				PRODUCT_NAME = "$(TARGET_NAME)";
				SWIFT_OBJC_BRIDGING_HEADER = "Test/Test-Bridging-Header.h";
				SWIFT_OPTIMIZATION_LEVEL = "-Onone";
				SWIFT_VERSION = 5.0;
				TARGETED_DEVICE_FAMILY = "1,2";
			};
			name = Debug;
		};
		3EBE9DF8248BE12D006CF402 /* Release */ = {
			isa = XCBuildConfiguration;
			baseConfigurationReference = D2B980CA9B151AD249A0F0C9 /* Pods-Test.release.xcconfig */;
			buildSettings = {
				ASSETCATALOG_COMPILER_APPICON_NAME = AppIcon;
				CLANG_ENABLE_MODULES = YES;
				CODE_SIGN_STYLE = Automatic;
				DEVELOPMENT_TEAM = UA87457RN3;
				INFOPLIST_FILE = Test/Info.plist;
				LD_RUNPATH_SEARCH_PATHS = (
					"$(inherited)",
					"@executable_path/Frameworks",
				);
				PRODUCT_BUNDLE_IDENTIFIER = Gao.Test;
				PRODUCT_NAME = "$(TARGET_NAME)";
				SWIFT_OBJC_BRIDGING_HEADER = "Test/Test-Bridging-Header.h";
				SWIFT_VERSION = 5.0;
				TARGETED_DEVICE_FAMILY = "1,2";
			};
			name = Release;
		};
		3EBE9DFA248BE12D006CF402 /* Debug */ = {
			isa = XCBuildConfiguration;
			buildSettings = {
				ALWAYS_EMBED_SWIFT_STANDARD_LIBRARIES = YES;
				BUNDLE_LOADER = "$(TEST_HOST)";
				CODE_SIGN_STYLE = Automatic;
				DEVELOPMENT_TEAM = UA87457RN3;
				INFOPLIST_FILE = TestTests/Info.plist;
				IPHONEOS_DEPLOYMENT_TARGET = 13.5;
				LD_RUNPATH_SEARCH_PATHS = (
					"$(inherited)",
					"@executable_path/Frameworks",
					"@loader_path/Frameworks",
				);
				PRODUCT_BUNDLE_IDENTIFIER = Gao.TestTests;
				PRODUCT_NAME = "$(TARGET_NAME)";
				TARGETED_DEVICE_FAMILY = "1,2";
				TEST_HOST = "$(BUILT_PRODUCTS_DIR)/Test.app/Test";
			};
			name = Debug;
		};
		3EBE9DFB248BE12D006CF402 /* Release */ = {
			isa = XCBuildConfiguration;
			buildSettings = {
				ALWAYS_EMBED_SWIFT_STANDARD_LIBRARIES = YES;
				BUNDLE_LOADER = "$(TEST_HOST)";
				CODE_SIGN_STYLE = Automatic;
				DEVELOPMENT_TEAM = UA87457RN3;
				INFOPLIST_FILE = TestTests/Info.plist;
				IPHONEOS_DEPLOYMENT_TARGET = 13.5;
				LD_RUNPATH_SEARCH_PATHS = (
					"$(inherited)",
					"@executable_path/Frameworks",
					"@loader_path/Frameworks",
				);
				PRODUCT_BUNDLE_IDENTIFIER = Gao.TestTests;
				PRODUCT_NAME = "$(TARGET_NAME)";
				TARGETED_DEVICE_FAMILY = "1,2";
				TEST_HOST = "$(BUILT_PRODUCTS_DIR)/Test.app/Test";
			};
			name = Release;
		};
		3EBE9DFD248BE12D006CF402 /* Debug */ = {
			isa = XCBuildConfiguration;
			buildSettings = {
				ALWAYS_EMBED_SWIFT_STANDARD_LIBRARIES = YES;
				CODE_SIGN_STYLE = Automatic;
				DEVELOPMENT_TEAM = UA87457RN3;
				INFOPLIST_FILE = TestUITests/Info.plist;
				LD_RUNPATH_SEARCH_PATHS = (
					"$(inherited)",
					"@executable_path/Frameworks",
					"@loader_path/Frameworks",
				);
				PRODUCT_BUNDLE_IDENTIFIER = Gao.TestUITests;
				PRODUCT_NAME = "$(TARGET_NAME)";
				TARGETED_DEVICE_FAMILY = "1,2";
				TEST_TARGET_NAME = Test;
			};
			name = Debug;
		};
		3EBE9DFE248BE12D006CF402 /* Release */ = {
			isa = XCBuildConfiguration;
			buildSettings = {
				ALWAYS_EMBED_SWIFT_STANDARD_LIBRARIES = YES;
				CODE_SIGN_STYLE = Automatic;
				DEVELOPMENT_TEAM = UA87457RN3;
				INFOPLIST_FILE = TestUITests/Info.plist;
				LD_RUNPATH_SEARCH_PATHS = (
					"$(inherited)",
					"@executable_path/Frameworks",
					"@loader_path/Frameworks",
				);
				PRODUCT_BUNDLE_IDENTIFIER = Gao.TestUITests;
				PRODUCT_NAME = "$(TARGET_NAME)";
				TARGETED_DEVICE_FAMILY = "1,2";
				TEST_TARGET_NAME = Test;
			};
			name = Release;
		};
/* End XCBuildConfiguration section */

/* Begin XCConfigurationList section */
		3EBE9DC2248BE129006CF402 /* Build configuration list for PBXProject "Test" */ = {
			isa = XCConfigurationList;
			buildConfigurations = (
				3EBE9DF4248BE12D006CF402 /* Debug */,
				3EBE9DF5248BE12D006CF402 /* Release */,
			);
			defaultConfigurationIsVisible = 0;
			defaultConfigurationName = Release;
		};
		3EBE9DF6248BE12D006CF402 /* Build configuration list for PBXNativeTarget "Test" */ = {
			isa = XCConfigurationList;
			buildConfigurations = (
				3EBE9DF7248BE12D006CF402 /* Debug */,
				3EBE9DF8248BE12D006CF402 /* Release */,
			);
			defaultConfigurationIsVisible = 0;
			defaultConfigurationName = Release;
		};
		3EBE9DF9248BE12D006CF402 /* Build configuration list for PBXNativeTarget "TestTests" */ = {
			isa = XCConfigurationList;
			buildConfigurations = (
				3EBE9DFA248BE12D006CF402 /* Debug */,
				3EBE9DFB248BE12D006CF402 /* Release */,
			);
			defaultConfigurationIsVisible = 0;
			defaultConfigurationName = Release;
		};
		3EBE9DFC248BE12D006CF402 /* Build configuration list for PBXNativeTarget "TestUITests" */ = {
			isa = XCConfigurationList;
			buildConfigurations = (
				3EBE9DFD248BE12D006CF402 /* Debug */,
				3EBE9DFE248BE12D006CF402 /* Release */,
			);
			defaultConfigurationIsVisible = 0;
			defaultConfigurationName = Release;
		};
/* End XCConfigurationList section */
	};
	rootObject = 3EBE9DBF248BE129006CF402 /* Project object */;
}
